
Microsoft Visual Studio Solution File, Format Version 12.00
# Visual Studio 15
VisualStudioVersion = 15.0.27130.2027
MinimumVisualStudioVersion = 10.0.40219.1
Project("{FAE04EC0-301F-11D3-BF4B-00C04F79EFBC}") = "TicketSystem.Data", "TicketSystem.Data\TicketSystem.Data.csproj", "{21362FD1-0F98-4BBF-8A06-5FD1F0C29957}"
EndProject
Project("{FAE04EC0-301F-11D3-BF4B-00C04F79EFBC}") = "TicketSystem.API", "TicketSystem.API\TicketSystem.API.csproj", "{D0A7BCF1-F47E-4D52-A129-B9E4A5A41057}"
EndProject
Project("{FAE04EC0-301F-11D3-BF4B-00C04F79EFBC}") = "TicketSystem.Core", "TicketSystem.Core\TicketSystem.Core.csproj", "{069E2C67-B4C2-443D-8CF5-206C3BCA75FE}"
EndProject
Global
	GlobalSection(SolutionConfigurationPlatforms) = preSolution
		Debug|Any CPU = Debug|Any CPU
		Release|Any CPU = Release|Any CPU
	EndGlobalSection
	GlobalSection(ProjectConfigurationPlatforms) = postSolution
		{21362FD1-0F98-4BBF-8A06-5FD1F0C29957}.Debug|Any CPU.ActiveCfg = Debug|Any CPU
		{21362FD1-0F98-4BBF-8A06-5FD1F0C29957}.Debug|Any CPU.Build.0 = Debug|Any CPU
		{21362FD1-0F98-4BBF-8A06-5FD1F0C29957}.Release|Any CPU.ActiveCfg = Release|Any CPU
		{21362FD1-0F98-4BBF-8A06-5FD1F0C29957}.Release|Any CPU.Build.0 = Release|Any CPU
		{D0A7BCF1-F47E-4D52-A129-B9E4A5A41057}.Debug|Any CPU.ActiveCfg = Debug|Any CPU
		{D0A7BCF1-F47E-4D52-A129-B9E4A5A41057}.Debug|Any CPU.Build.0 = Debug|Any CPU
		{D0A7BCF1-F47E-4D52-A129-B9E4A5A41057}.Release|Any CPU.ActiveCfg = Release|Any CPU
		{D0A7BCF1-F47E-4D52-A129-B9E4A5A41057}.Release|Any CPU.Build.0 = Release|Any CPU
		{069E2C67-B4C2-443D-8CF5-206C3BCA75FE}.Debug|Any CPU.ActiveCfg = Debug|Any CPU
		{069E2C67-B4C2-443D-8CF5-206C3BCA75FE}.Debug|Any CPU.Build.0 = Debug|Any CPU
		{069E2C67-B4C2-443D-8CF5-206C3BCA75FE}.Release|Any CPU.ActiveCfg = Release|Any CPU
		{069E2C67-B4C2-443D-8CF5-206C3BCA75FE}.Release|Any CPU.Build.0 = Release|Any CPU
	EndGlobalSection
	GlobalSection(SolutionProperties) = preSolution
		HideSolutionNode = FALSE
	EndGlobalSection
	GlobalSection(ExtensibilityGlobals) = postSolution
		SolutionGuid = {08E50DEF-DC17-4ADE-92A1-BCB7CC7106CD}
	EndGlobalSection
EndGlobal
